
Microsoft Visual Studio Solution File, Format Version 12.00
# Visual Studio 15
VisualStudioVersion = 15.0.27004.2010
MinimumVisualStudioVersion = 10.0.40219.1
Project("{9A19103F-16F7-4668-BE54-9A1E7A4F7556}") = "crage", "src\crage\crage.csproj", "{6095891E-9CE4-4415-B5EA-5317D20EAA35}"
EndProject
Project("{2150E333-8FDC-42A3-9474-1A3956D46DE8}") = "cui", "cui", "{600D18B5-66A8-4316-B2CE-7C457FBDFBDD}"
EndProject
Project("{9A19103F-16F7-4668-BE54-9A1E7A4F7556}") = "Crass.PluginCore", "src\Crass.PluginCore\Crass.PluginCore.csproj", "{7922C0C6-F5B0-495B-98B0-5E2ACFE4A4DD}"
EndProject
Project("{2150E333-8FDC-42A3-9474-1A3956D46DE8}") = "core", "core", "{E6136633-4448-4A22-9300-169ADDEF57A6}"
EndProject
Project("{9A19103F-16F7-4668-BE54-9A1E7A4F7556}") = "Crass.PackageCore", "src\Crass.PackageCore\Crass.PackageCore.csproj", "{44897C58-1738-45FD-9708-6912437536C2}"
EndProject
Project("{9A19103F-16F7-4668-BE54-9A1E7A4F7556}") = "Crass.Plugin.ARCGameEngine", "src\cui\Crass.Plugin.ARCGameEngine\Crass.Plugin.ARCGameEngine.csproj", "{5FA5731C-064B-4358-A08A-800E3EB29462}"
EndProject
Global
	GlobalSection(SolutionConfigurationPlatforms) = preSolution
		Debug|Any CPU = Debug|Any CPU
		Release|Any CPU = Release|Any CPU
	EndGlobalSection
	GlobalSection(ProjectConfigurationPlatforms) = postSolution
		{6095891E-9CE4-4415-B5EA-5317D20EAA35}.Debug|Any CPU.ActiveCfg = Debug|Any CPU
		{6095891E-9CE4-4415-B5EA-5317D20EAA35}.Debug|Any CPU.Build.0 = Debug|Any CPU
		{6095891E-9CE4-4415-B5EA-5317D20EAA35}.Release|Any CPU.ActiveCfg = Release|Any CPU
		{6095891E-9CE4-4415-B5EA-5317D20EAA35}.Release|Any CPU.Build.0 = Release|Any CPU
		{7922C0C6-F5B0-495B-98B0-5E2ACFE4A4DD}.Debug|Any CPU.ActiveCfg = Debug|Any CPU
		{7922C0C6-F5B0-495B-98B0-5E2ACFE4A4DD}.Debug|Any CPU.Build.0 = Debug|Any CPU
		{7922C0C6-F5B0-495B-98B0-5E2ACFE4A4DD}.Release|Any CPU.ActiveCfg = Release|Any CPU
		{7922C0C6-F5B0-495B-98B0-5E2ACFE4A4DD}.Release|Any CPU.Build.0 = Release|Any CPU
		{44897C58-1738-45FD-9708-6912437536C2}.Debug|Any CPU.ActiveCfg = Debug|Any CPU
		{44897C58-1738-45FD-9708-6912437536C2}.Debug|Any CPU.Build.0 = Debug|Any CPU
		{44897C58-1738-45FD-9708-6912437536C2}.Release|Any CPU.ActiveCfg = Release|Any CPU
		{44897C58-1738-45FD-9708-6912437536C2}.Release|Any CPU.Build.0 = Release|Any CPU
		{5FA5731C-064B-4358-A08A-800E3EB29462}.Debug|Any CPU.ActiveCfg = Debug|Any CPU
		{5FA5731C-064B-4358-A08A-800E3EB29462}.Debug|Any CPU.Build.0 = Debug|Any CPU
		{5FA5731C-064B-4358-A08A-800E3EB29462}.Release|Any CPU.ActiveCfg = Release|Any CPU
		{5FA5731C-064B-4358-A08A-800E3EB29462}.Release|Any CPU.Build.0 = Release|Any CPU
	EndGlobalSection
	GlobalSection(SolutionProperties) = preSolution
		HideSolutionNode = FALSE
	EndGlobalSection
	GlobalSection(NestedProjects) = preSolution
		{7922C0C6-F5B0-495B-98B0-5E2ACFE4A4DD} = {E6136633-4448-4A22-9300-169ADDEF57A6}
		{44897C58-1738-45FD-9708-6912437536C2} = {E6136633-4448-4A22-9300-169ADDEF57A6}
		{5FA5731C-064B-4358-A08A-800E3EB29462} = {600D18B5-66A8-4316-B2CE-7C457FBDFBDD}
	EndGlobalSection
	GlobalSection(ExtensibilityGlobals) = postSolution
		SolutionGuid = {997112E5-4080-49F7-B804-FC0C4E1E5C05}
	EndGlobalSection
EndGlobal
